{
  "name": "src",
  "version": "1.0.0",
  "lockfileVersion": 3,
  "requires": true,
  "packages": {
    "": {
      "name": "src",
      "version": "1.0.0",
      "license": "ISC",
      "dependencies": {
        "compress-buffer": "^1.2.0",
        "hiredis": "^0.1.17",
        "iconv": "^2.0.6",
        "pg": "^1.1.0",
        "stacktrace": "^1.1.0",
        "uriparser": "^2.4.0"
      },
      "devDependencies": {}
    },
    "node_modules/bindings": {
      "version": "1.5.0",
      "resolved": "https://registry.npmjs.org/bindings/-/bindings-1.5.0.tgz",
      "integrity": "sha512-p2q/t/mhvuOj/UeLlV6566GD/guowlr0hHxClI0W9m7MWYkL1F0hLo+0Aexs9HSPCtR1SXQ0TD3MMKrXZajbiQ==",
      "license": "MIT",
      "dependencies": {
        "file-uri-to-path": "1.0.0"
      }
    },
    "node_modules/buffer-writer": {
      "version": "1.0.0",
      "resolved": "https://registry.npmjs.org/buffer-writer/-/buffer-writer-1.0.0.tgz",
      "integrity": "sha512-EwqHsY9HX59gLKIDAnnsa8G9FFdD7OlTZ6kVj0BXM1WSguvxH4g2FQPaWHtfT6EFWff5ISMr4fH1cZHvne/xWA==",
      "license": "MIT"
    },
    "node_modules/compress-buffer": {
      "version": "1.2.0"
    },
    "node_modules/file-uri-to-path": {
      "version": "1.0.0",
      "resolved": "https://registry.npmjs.org/file-uri-to-path/-/file-uri-to-path-1.0.0.tgz",
      "integrity": "sha512-0Zt+s3L7Vf1biwWZ29aARiVYLx7iMGnEUl9x33fbB/j3jR81u/O2LbqK+Bm1CDSNDKVtJ/YjwY7TUd5SkeLQLw==",
      "license": "MIT"
    },
    "node_modules/generic-pool": {
      "version": "2.0.2",
      "resolved": "https://registry.npmjs.org/generic-pool/-/generic-pool-2.0.2.tgz",
      "integrity": "sha512-tYfeZauCKukbK4lfXouscAWRFhzY/G/6+TCaeTAGXpML8WdGp0a2MiR4/j1BSAeRacxeTc+MYhYEtqEiSd+8hQ==",
      "engines": {
        "node": ">= 0.2.0"
      }
    },
    "node_modules/hiredis": {
      "version": "0.1.17",
      "dependencies": {
        "bindings": "*",
        "nan": "~1.1.0"
      },
      "engines": {
        "node": ">= 0.6.0"
      }
    },
    "node_modules/iconv": {
      "version": "2.0.6",
      "license": "ISC",
      "engines": {
        "node": ">=0.8.0"
      }
    },
    "node_modules/nan": {
      "version": "1.1.2",
      "resolved": "https://registry.npmjs.org/nan/-/nan-1.1.2.tgz",
      "integrity": "sha512-J7y8XfGMJyLdCesSUmrjwFqK+5Do+TxVthz/lDcfF8olnl3y8pNOw+8yL4mblVSc2DW24n2SyiD736JiVA58Vg==",
      "license": "MIT"
    },
    "node_modules/pg": {
      "version": "1.1.0",
      "hasInstallScript": true,
      "dependencies": {
        "buffer-writer": "1.0.0",
        "generic-pool": "2.0.2"
      },
      "engines": {
        "node": ">= 0.8.0"
      }
    },
    "node_modules/stacktrace": {
      "version": "1.1.0",
      "engines": {
        "node": ">= 0.10.0"
      }
    },
    "node_modules/uriparser": {
      "version": "2.4.0",
      "dependencies": {
        "nan": "~2.18.0"
      },
      "engines": {
        "node": ">= 0.8.0"
      }
    },
    "node_modules/uriparser/node_modules/nan": {
      "version": "2.18.0",
      "license": "MIT"
    }
  }
}
